
Microsoft Visual Studio Solution File, Format Version 12.00
# Visual Studio 2012
Project("{2150E333-8FDC-42A3-9474-1A3956D46DE8}") = "01-Core", "01-Core", "{3DF33FB9-E20B-47BA-8E59-67B61E0046C8}"
EndProject
Project("{FAE04EC0-301F-11D3-BF4B-00C04F79EFBC}") = "Utils.Core", "Utils.Core\Utils.Core.csproj", "{6B2EC864-8233-4A55-BB25-184D4A8D7D1E}"
EndProject
Project("{2150E333-8FDC-42A3-9474-1A3956D46DE8}") = "11-Test", "11-Test", "{328DE407-620C-440C-B2C1-E139746B068E}"
EndProject
Global
	GlobalSection(SolutionConfigurationPlatforms) = preSolution
		Debug|Any CPU = Debug|Any CPU
		Release|Any CPU = Release|Any CPU
	EndGlobalSection
	GlobalSection(ProjectConfigurationPlatforms) = postSolution
		{6B2EC864-8233-4A55-BB25-184D4A8D7D1E}.Debug|Any CPU.ActiveCfg = Debug|Any CPU
		{6B2EC864-8233-4A55-BB25-184D4A8D7D1E}.Debug|Any CPU.Build.0 = Debug|Any CPU
		{6B2EC864-8233-4A55-BB25-184D4A8D7D1E}.Release|Any CPU.ActiveCfg = Release|Any CPU
		{6B2EC864-8233-4A55-BB25-184D4A8D7D1E}.Release|Any CPU.Build.0 = Release|Any CPU
	EndGlobalSection
	GlobalSection(SolutionProperties) = preSolution
		HideSolutionNode = FALSE
	EndGlobalSection
	GlobalSection(NestedProjects) = preSolution
		{6B2EC864-8233-4A55-BB25-184D4A8D7D1E} = {3DF33FB9-E20B-47BA-8E59-67B61E0046C8}
	EndGlobalSection
EndGlobal
